Microsoft Visual Studio Solution File, Format Version 12.00
# Visual Studio 2013
VisualStudioVersion = 12.0.31101.0
MinimumVisualStudioVersion = 10.0.40219.1
Project("{2150E333-8FDC-42A3-9474-1A3956D46DE8}") = "Solution Items", "Solution Items", "{DA1A8A1D-90C0-49B9-A9B2-DF2C574F19E6}"
	ProjectSection(SolutionItems) = preProject
		todo.txt = todo.txt
	EndProjectSection
EndProject
Project("{8BC9CEB8-8B4A-11D0-8D11-00A0C91BC942}") = "ConsoleHook", "ConsoleHook\ConsoleHook.vcxproj", "{69234D74-7133-48FF-8DDB-9901FFC4D7FF}"
EndProject
Project("{8BC9CEB8-8B4A-11D0-8D11-00A0C91BC942}") = "Console", "Console\Console.vcxproj", "{6EA5C354-A242-49F3-88D1-559EACA7FB8A}"
EndProject
Project("{8BC9CEB8-8B4A-11D0-8D11-00A0C91BC942}") = "ConsoleWow", "ConsoleWow\ConsoleWow.vcxproj", "{8A25E8AF-CC4A-4145-B878-3D99271562D4}"
EndProject
Project("{8BC9CEB8-8B4A-11D0-8D11-00A0C91BC942}") = "Packaging", "Packaging\Packaging.vcxproj", "{10FD8ABB-2ACC-4EE3-8915-CD0DE3E7809D}"
	ProjectSection(ProjectDependencies) = postProject
		{6EA5C354-A242-49F3-88D1-559EACA7FB8A} = {6EA5C354-A242-49F3-88D1-559EACA7FB8A}
		{69234D74-7133-48FF-8DDB-9901FFC4D7FF} = {69234D74-7133-48FF-8DDB-9901FFC4D7FF}
		{8A25E8AF-CC4A-4145-B878-3D99271562D4} = {8A25E8AF-CC4A-4145-B878-3D99271562D4}
	EndProjectSection
EndProject
Global
	GlobalSection(SolutionConfigurationPlatforms) = preSolution
		Debug Legacy|Win32 = Debug Legacy|Win32
		Debug Legacy|x64 = Debug Legacy|x64
		Debug|Win32 = Debug|Win32
		Debug|x64 = Debug|x64
		Release Legacy|Win32 = Release Legacy|Win32
		Release Legacy|x64 = Release Legacy|x64
		Release|Win32 = Release|Win32
		Release|x64 = Release|x64
	EndGlobalSection
	GlobalSection(ProjectConfigurationPlatforms) = postSolution
		{69234D74-7133-48FF-8DDB-9901FFC4D7FF}.Debug Legacy|Win32.ActiveCfg = Debug Legacy|Win32
		{69234D74-7133-48FF-8DDB-9901FFC4D7FF}.Debug Legacy|Win32.Build.0 = Debug Legacy|Win32
		{69234D74-7133-48FF-8DDB-9901FFC4D7FF}.Debug Legacy|x64.ActiveCfg = Debug Legacy|x64
		{69234D74-7133-48FF-8DDB-9901FFC4D7FF}.Debug Legacy|x64.Build.0 = Debug Legacy|x64
		{69234D74-7133-48FF-8DDB-9901FFC4D7FF}.Debug|Win32.ActiveCfg = Debug|Win32
		{69234D74-7133-48FF-8DDB-9901FFC4D7FF}.Debug|Win32.Build.0 = Debug|Win32
		{69234D74-7133-48FF-8DDB-9901FFC4D7FF}.Debug|x64.ActiveCfg = Debug|x64
		{69234D74-7133-48FF-8DDB-9901FFC4D7FF}.Debug|x64.Build.0 = Debug|x64
		{69234D74-7133-48FF-8DDB-9901FFC4D7FF}.Release Legacy|Win32.ActiveCfg = Release Legacy|Win32
		{69234D74-7133-48FF-8DDB-9901FFC4D7FF}.Release Legacy|Win32.Build.0 = Release Legacy|Win32
		{69234D74-7133-48FF-8DDB-9901FFC4D7FF}.Release Legacy|x64.ActiveCfg = Release Legacy|x64
		{69234D74-7133-48FF-8DDB-9901FFC4D7FF}.Release Legacy|x64.Build.0 = Release Legacy|x64
		{69234D74-7133-48FF-8DDB-9901FFC4D7FF}.Release|Win32.ActiveCfg = Release|Win32
		{69234D74-7133-48FF-8DDB-9901FFC4D7FF}.Release|Win32.Build.0 = Release|Win32
		{69234D74-7133-48FF-8DDB-9901FFC4D7FF}.Release|x64.ActiveCfg = Release|x64
		{69234D74-7133-48FF-8DDB-9901FFC4D7FF}.Release|x64.Build.0 = Release|x64
		{6EA5C354-A242-49F3-88D1-559EACA7FB8A}.Debug Legacy|Win32.ActiveCfg = Debug Legacy|Win32
		{6EA5C354-A242-49F3-88D1-559EACA7FB8A}.Debug Legacy|Win32.Build.0 = Debug Legacy|Win32
		{6EA5C354-A242-49F3-88D1-559EACA7FB8A}.Debug Legacy|x64.ActiveCfg = Debug Legacy|x64
		{6EA5C354-A242-49F3-88D1-559EACA7FB8A}.Debug Legacy|x64.Build.0 = Debug Legacy|x64
		{6EA5C354-A242-49F3-88D1-559EACA7FB8A}.Debug|Win32.ActiveCfg = Debug|Win32
		{6EA5C354-A242-49F3-88D1-559EACA7FB8A}.Debug|Win32.Build.0 = Debug|Win32
		{6EA5C354-A242-49F3-88D1-559EACA7FB8A}.Debug|x64.ActiveCfg = Debug|x64
		{6EA5C354-A242-49F3-88D1-559EACA7FB8A}.Debug|x64.Build.0 = Debug|x64
		{6EA5C354-A242-49F3-88D1-559EACA7FB8A}.Release Legacy|Win32.ActiveCfg = Release Legacy|Win32
		{6EA5C354-A242-49F3-88D1-559EACA7FB8A}.Release Legacy|Win32.Build.0 = Release Legacy|Win32
		{6EA5C354-A242-49F3-88D1-559EACA7FB8A}.Release Legacy|x64.ActiveCfg = Release Legacy|x64
		{6EA5C354-A242-49F3-88D1-559EACA7FB8A}.Release Legacy|x64.Build.0 = Release Legacy|x64
		{6EA5C354-A242-49F3-88D1-559EACA7FB8A}.Release|Win32.ActiveCfg = Release|Win32
		{6EA5C354-A242-49F3-88D1-559EACA7FB8A}.Release|Win32.Build.0 = Release|Win32
		{6EA5C354-A242-49F3-88D1-559EACA7FB8A}.Release|x64.ActiveCfg = Release|x64
		{6EA5C354-A242-49F3-88D1-559EACA7FB8A}.Release|x64.Build.0 = Release|x64
		{8A25E8AF-CC4A-4145-B878-3D99271562D4}.Debug Legacy|Win32.ActiveCfg = Debug Legacy|Win32
		{8A25E8AF-CC4A-4145-B878-3D99271562D4}.Debug Legacy|x64.ActiveCfg = Debug Legacy|Win32
		{8A25E8AF-CC4A-4145-B878-3D99271562D4}.Debug Legacy|x64.Build.0 = Debug Legacy|Win32
		{8A25E8AF-CC4A-4145-B878-3D99271562D4}.Debug|Win32.ActiveCfg = Debug|Win32
		{8A25E8AF-CC4A-4145-B878-3D99271562D4}.Debug|x64.ActiveCfg = Debug|Win32
		{8A25E8AF-CC4A-4145-B878-3D99271562D4}.Debug|x64.Build.0 = Debug|Win32
		{8A25E8AF-CC4A-4145-B878-3D99271562D4}.Release Legacy|Win32.ActiveCfg = Release Legacy|Win32
		{8A25E8AF-CC4A-4145-B878-3D99271562D4}.Release Legacy|x64.ActiveCfg = Release Legacy|Win32
		{8A25E8AF-CC4A-4145-B878-3D99271562D4}.Release Legacy|x64.Build.0 = Release Legacy|Win32
		{8A25E8AF-CC4A-4145-B878-3D99271562D4}.Release|Win32.ActiveCfg = Release|Win32
		{8A25E8AF-CC4A-4145-B878-3D99271562D4}.Release|x64.ActiveCfg = Release|Win32
		{8A25E8AF-CC4A-4145-B878-3D99271562D4}.Release|x64.Build.0 = Release|Win32
		{10FD8ABB-2ACC-4EE3-8915-CD0DE3E7809D}.Debug Legacy|Win32.ActiveCfg = Release|Win32
		{10FD8ABB-2ACC-4EE3-8915-CD0DE3E7809D}.Debug Legacy|x64.ActiveCfg = Release|Win32
		{10FD8ABB-2ACC-4EE3-8915-CD0DE3E7809D}.Debug|Win32.ActiveCfg = Release|Win32
		{10FD8ABB-2ACC-4EE3-8915-CD0DE3E7809D}.Debug|x64.ActiveCfg = Release|Win32
		{10FD8ABB-2ACC-4EE3-8915-CD0DE3E7809D}.Release Legacy|Win32.ActiveCfg = Release|Win32
		{10FD8ABB-2ACC-4EE3-8915-CD0DE3E7809D}.Release Legacy|x64.ActiveCfg = Release|Win32
		{10FD8ABB-2ACC-4EE3-8915-CD0DE3E7809D}.Release|Win32.ActiveCfg = Release|Win32
		{10FD8ABB-2ACC-4EE3-8915-CD0DE3E7809D}.Release|x64.ActiveCfg = Release|Win32
	EndGlobalSection
	GlobalSection(SolutionProperties) = preSolution
		HideSolutionNode = FALSE
	EndGlobalSection
EndGlobal
