Microsoft Visual Studio Solution File, Format Version 8.00
Project("{8BC9CEB8-8B4A-11D0-8D11-00A0C91BC942}") = "ConsoleHook", "ConsoleHook\ConsoleHook.vcproj", "{69234D74-7133-48FF-8DDB-9901FFC4D7FF}"
	ProjectSection(ProjectDependencies) = postProject
	EndProjectSection
EndProject
Project("{8BC9CEB8-8B4A-11D0-8D11-00A0C91BC942}") = "ConsoleTest", "ConsoleTest\ConsoleTest.vcproj", "{F3D668FC-2829-4A6A-8844-DE2DD8421931}"
	ProjectSection(ProjectDependencies) = postProject
	EndProjectSection
EndProject
Project("{8BC9CEB8-8B4A-11D0-8D11-00A0C91BC942}") = "WinTest", "WinTest\WinTest.vcproj", "{22D02029-9E19-47CA-B473-97E61A9AB937}"
	ProjectSection(ProjectDependencies) = postProject
	EndProjectSection
EndProject
Global
	GlobalSection(SourceCodeControl) = preSolution
		SccNumberOfProjects = 4
		SccProjectName0 = \u0022$/Console2\u0022,\u0020QDAAAAAA
		SccLocalPath0 = .
		SccProvider0 = MSSCCI:Microsoft\u0020Visual\u0020SourceSafe
		CanCheckoutShared = false
		SolutionUniqueID = {D1C0D727-C7A7-4D6A-B278-DDA75E965DE6}
		SccProjectUniqueName1 = ConsoleHook\\ConsoleHook.vcproj
		SccLocalPath1 = .
		CanCheckoutShared = false
		SccProjectFilePathRelativizedFromConnection1 = ConsoleHook\\
		SccProjectUniqueName2 = ConsoleTest\\ConsoleTest.vcproj
		SccLocalPath2 = .
		CanCheckoutShared = false
		SccProjectFilePathRelativizedFromConnection2 = ConsoleTest\\
		SccProjectUniqueName3 = WinTest\\WinTest.vcproj
		SccLocalPath3 = .
		CanCheckoutShared = false
		SccProjectFilePathRelativizedFromConnection3 = WinTest\\
	EndGlobalSection
	GlobalSection(SolutionConfiguration) = preSolution
		Debug = Debug
		Release = Release
	EndGlobalSection
	GlobalSection(ProjectConfiguration) = postSolution
		{69234D74-7133-48FF-8DDB-9901FFC4D7FF}.Debug.ActiveCfg = Debug|Win32
		{69234D74-7133-48FF-8DDB-9901FFC4D7FF}.Debug.Build.0 = Debug|Win32
		{69234D74-7133-48FF-8DDB-9901FFC4D7FF}.Release.ActiveCfg = Release|Win32
		{69234D74-7133-48FF-8DDB-9901FFC4D7FF}.Release.Build.0 = Release|Win32
		{F3D668FC-2829-4A6A-8844-DE2DD8421931}.Debug.ActiveCfg = Debug|Win32
		{F3D668FC-2829-4A6A-8844-DE2DD8421931}.Debug.Build.0 = Debug|Win32
		{F3D668FC-2829-4A6A-8844-DE2DD8421931}.Release.ActiveCfg = Release|Win32
		{F3D668FC-2829-4A6A-8844-DE2DD8421931}.Release.Build.0 = Release|Win32
		{22D02029-9E19-47CA-B473-97E61A9AB937}.Debug.ActiveCfg = Debug|Win32
		{22D02029-9E19-47CA-B473-97E61A9AB937}.Debug.Build.0 = Debug|Win32
		{22D02029-9E19-47CA-B473-97E61A9AB937}.Release.ActiveCfg = Release|Win32
		{22D02029-9E19-47CA-B473-97E61A9AB937}.Release.Build.0 = Release|Win32
	EndGlobalSection
	GlobalSection(ExtensibilityGlobals) = postSolution
	EndGlobalSection
	GlobalSection(ExtensibilityAddIns) = postSolution
	EndGlobalSection
EndGlobal
